
Microsoft Visual Studio Solution File, Format Version 12.00
# Visual Studio Version 17
VisualStudioVersion = 17.14.36221.1
MinimumVisualStudioVersion = 10.0.40219.1
Project("{FAE04EC0-301F-11D3-BF4B-00C04F79EFBC}") = "WebApi", "WebApi\WebApi.csproj", "{1B3AD2F2-C35C-4B44-B9CF-65AC63B3D1BE}"
EndProject
Project("{FAE04EC0-301F-11D3-BF4B-00C04F79EFBC}") = "Domain", "Domain\Domain.csproj", "{F8E888B5-E087-477C-AB2E-D8E9BC2AD06B}"
EndProject
Project("{FAE04EC0-301F-11D3-BF4B-00C04F79EFBC}") = "Application", "Application\Application.csproj", "{80DB5927-849C-4436-95D0-956666920CB9}"
EndProject
Project("{FAE04EC0-301F-11D3-BF4B-00C04F79EFBC}") = "Infrastructure", "Infrastructure\Infrastructure.csproj", "{B0F9BCD1-2FFE-4FD7-8574-BE0899138F85}"
	ProjectSection(ProjectDependencies) = postProject
		{F8E888B5-E087-477C-AB2E-D8E9BC2AD06B} = {F8E888B5-E087-477C-AB2E-D8E9BC2AD06B}
	EndProjectSection
EndProject
Project("{FAE04EC0-301F-11D3-BF4B-00C04F79EFBC}") = "Importer", "Importer\Importer.csproj", "{6414B154-CEF6-4C5C-B2CD-A309C09D0DD9}"
EndProject
Global
	GlobalSection(SolutionConfigurationPlatforms) = preSolution
		Debug|Any CPU = Debug|Any CPU
		Release|Any CPU = Release|Any CPU
	EndGlobalSection
	GlobalSection(ProjectConfigurationPlatforms) = postSolution
		{1B3AD2F2-C35C-4B44-B9CF-65AC63B3D1BE}.Debug|Any CPU.ActiveCfg = Debug|Any CPU
		{1B3AD2F2-C35C-4B44-B9CF-65AC63B3D1BE}.Debug|Any CPU.Build.0 = Debug|Any CPU
		{1B3AD2F2-C35C-4B44-B9CF-65AC63B3D1BE}.Release|Any CPU.ActiveCfg = Release|Any CPU
		{1B3AD2F2-C35C-4B44-B9CF-65AC63B3D1BE}.Release|Any CPU.Build.0 = Release|Any CPU
		{F8E888B5-E087-477C-AB2E-D8E9BC2AD06B}.Debug|Any CPU.ActiveCfg = Debug|Any CPU
		{F8E888B5-E087-477C-AB2E-D8E9BC2AD06B}.Debug|Any CPU.Build.0 = Debug|Any CPU
		{F8E888B5-E087-477C-AB2E-D8E9BC2AD06B}.Release|Any CPU.ActiveCfg = Release|Any CPU
		{F8E888B5-E087-477C-AB2E-D8E9BC2AD06B}.Release|Any CPU.Build.0 = Release|Any CPU
		{80DB5927-849C-4436-95D0-956666920CB9}.Debug|Any CPU.ActiveCfg = Debug|Any CPU
		{80DB5927-849C-4436-95D0-956666920CB9}.Debug|Any CPU.Build.0 = Debug|Any CPU
		{80DB5927-849C-4436-95D0-956666920CB9}.Release|Any CPU.ActiveCfg = Release|Any CPU
		{80DB5927-849C-4436-95D0-956666920CB9}.Release|Any CPU.Build.0 = Release|Any CPU
		{B0F9BCD1-2FFE-4FD7-8574-BE0899138F85}.Debug|Any CPU.ActiveCfg = Debug|Any CPU
		{B0F9BCD1-2FFE-4FD7-8574-BE0899138F85}.Debug|Any CPU.Build.0 = Debug|Any CPU
		{B0F9BCD1-2FFE-4FD7-8574-BE0899138F85}.Release|Any CPU.ActiveCfg = Release|Any CPU
		{B0F9BCD1-2FFE-4FD7-8574-BE0899138F85}.Release|Any CPU.Build.0 = Release|Any CPU
		{6414B154-CEF6-4C5C-B2CD-A309C09D0DD9}.Debug|Any CPU.ActiveCfg = Debug|Any CPU
		{6414B154-CEF6-4C5C-B2CD-A309C09D0DD9}.Debug|Any CPU.Build.0 = Debug|Any CPU
		{6414B154-CEF6-4C5C-B2CD-A309C09D0DD9}.Release|Any CPU.ActiveCfg = Release|Any CPU
		{6414B154-CEF6-4C5C-B2CD-A309C09D0DD9}.Release|Any CPU.Build.0 = Release|Any CPU
	EndGlobalSection
	GlobalSection(SolutionProperties) = preSolution
		HideSolutionNode = FALSE
	EndGlobalSection
	GlobalSection(ExtensibilityGlobals) = postSolution
		SolutionGuid = {53DEEA39-1F03-4124-AF63-C1C17BD59DB3}
	EndGlobalSection
EndGlobal
